
Microsoft Visual Studio Solution File, Format Version 12.00
# Visual Studio Version 16
VisualStudioVersion = 16.0.29409.12
MinimumVisualStudioVersion = 10.0.40219.1
Project("{9A19103F-16F7-4668-BE54-9A1E7A4F7556}") = "Application", "Application\Application.csproj", "{F6ADADF3-D444-48F5-8E50-EDF17DBF9291}"
EndProject
Project("{9A19103F-16F7-4668-BE54-9A1E7A4F7556}") = "WebAPI", "WebAPI\WebAPI.csproj", "{F11A1F4B-2595-4B97-88A0-4EEE0FD3FCE3}"
EndProject
Project("{9A19103F-16F7-4668-BE54-9A1E7A4F7556}") = "Domain", "Domain\Domain.csproj", "{0C150155-713E-42A6-8A7D-3432FCCFD4E2}"
EndProject
Project("{9A19103F-16F7-4668-BE54-9A1E7A4F7556}") = "Persistence", "Persistence\Persistence.csproj", "{6128251D-F8A1-4896-91D1-DCAF4EF81FA9}"
EndProject
Project("{9A19103F-16F7-4668-BE54-9A1E7A4F7556}") = "Foundation", "Foundation\Foundation.csproj", "{865D1D75-F301-46C4-AE53-B19C4C475723}"
EndProject
Project("{FAE04EC0-301F-11D3-BF4B-00C04F79EFBC}") = "Sandbox", "Sandbox\Sandbox.csproj", "{4FEBECEB-87E1-4269-A3AA-494A83B0C435}"
EndProject
Global
	GlobalSection(SolutionConfigurationPlatforms) = preSolution
		Debug|Any CPU = Debug|Any CPU
		Release|Any CPU = Release|Any CPU
	EndGlobalSection
	GlobalSection(ProjectConfigurationPlatforms) = postSolution
		{F6ADADF3-D444-48F5-8E50-EDF17DBF9291}.Debug|Any CPU.ActiveCfg = Debug|Any CPU
		{F6ADADF3-D444-48F5-8E50-EDF17DBF9291}.Debug|Any CPU.Build.0 = Debug|Any CPU
		{F6ADADF3-D444-48F5-8E50-EDF17DBF9291}.Release|Any CPU.ActiveCfg = Release|Any CPU
		{F6ADADF3-D444-48F5-8E50-EDF17DBF9291}.Release|Any CPU.Build.0 = Release|Any CPU
		{F11A1F4B-2595-4B97-88A0-4EEE0FD3FCE3}.Debug|Any CPU.ActiveCfg = Debug|Any CPU
		{F11A1F4B-2595-4B97-88A0-4EEE0FD3FCE3}.Debug|Any CPU.Build.0 = Debug|Any CPU
		{F11A1F4B-2595-4B97-88A0-4EEE0FD3FCE3}.Release|Any CPU.ActiveCfg = Release|Any CPU
		{F11A1F4B-2595-4B97-88A0-4EEE0FD3FCE3}.Release|Any CPU.Build.0 = Release|Any CPU
		{0C150155-713E-42A6-8A7D-3432FCCFD4E2}.Debug|Any CPU.ActiveCfg = Debug|Any CPU
		{0C150155-713E-42A6-8A7D-3432FCCFD4E2}.Debug|Any CPU.Build.0 = Debug|Any CPU
		{0C150155-713E-42A6-8A7D-3432FCCFD4E2}.Release|Any CPU.ActiveCfg = Release|Any CPU
		{0C150155-713E-42A6-8A7D-3432FCCFD4E2}.Release|Any CPU.Build.0 = Release|Any CPU
		{6128251D-F8A1-4896-91D1-DCAF4EF81FA9}.Debug|Any CPU.ActiveCfg = Debug|Any CPU
		{6128251D-F8A1-4896-91D1-DCAF4EF81FA9}.Debug|Any CPU.Build.0 = Debug|Any CPU
		{6128251D-F8A1-4896-91D1-DCAF4EF81FA9}.Release|Any CPU.ActiveCfg = Release|Any CPU
		{6128251D-F8A1-4896-91D1-DCAF4EF81FA9}.Release|Any CPU.Build.0 = Release|Any CPU
		{865D1D75-F301-46C4-AE53-B19C4C475723}.Debug|Any CPU.ActiveCfg = Debug|Any CPU
		{865D1D75-F301-46C4-AE53-B19C4C475723}.Debug|Any CPU.Build.0 = Debug|Any CPU
		{865D1D75-F301-46C4-AE53-B19C4C475723}.Release|Any CPU.ActiveCfg = Release|Any CPU
		{865D1D75-F301-46C4-AE53-B19C4C475723}.Release|Any CPU.Build.0 = Release|Any CPU
		{4FEBECEB-87E1-4269-A3AA-494A83B0C435}.Debug|Any CPU.ActiveCfg = Debug|Any CPU
		{4FEBECEB-87E1-4269-A3AA-494A83B0C435}.Debug|Any CPU.Build.0 = Debug|Any CPU
		{4FEBECEB-87E1-4269-A3AA-494A83B0C435}.Release|Any CPU.ActiveCfg = Release|Any CPU
		{4FEBECEB-87E1-4269-A3AA-494A83B0C435}.Release|Any CPU.Build.0 = Release|Any CPU
	EndGlobalSection
	GlobalSection(SolutionProperties) = preSolution
		HideSolutionNode = FALSE
	EndGlobalSection
	GlobalSection(ExtensibilityGlobals) = postSolution
		SolutionGuid = {909B4807-2C87-4C9D-BFA5-9F6F22A2CCA7}
	EndGlobalSection
EndGlobal
