
Microsoft Visual Studio Solution File, Format Version 12.00
# Visual Studio Version 16
VisualStudioVersion = 16.0.29409.12
MinimumVisualStudioVersion = 10.0.40219.1
Project("{9A19103F-16F7-4668-BE54-9A1E7A4F7556}") = "Application", "Application\Application.csproj", "{F6ADADF3-D444-48F5-8E50-EDF17DBF9291}"
EndProject
Project("{FAE04EC0-301F-11D3-BF4B-00C04F79EFBC}") = "WebAPI", "WebAPI\WebAPI.csproj", "{F11A1F4B-2595-4B97-88A0-4EEE0FD3FCE3}"
EndProject
Project("{FAE04EC0-301F-11D3-BF4B-00C04F79EFBC}") = "Domain", "Domain\Domain.csproj", "{0C150155-713E-42A6-8A7D-3432FCCFD4E2}"
EndProject
Project("{FAE04EC0-301F-11D3-BF4B-00C04F79EFBC}") = "Infrastructure", "Infrastructure\Infrastructure.csproj", "{D0DF6E66-3900-412F-934E-38238FA39020}"
EndProject
Project("{FAE04EC0-301F-11D3-BF4B-00C04F79EFBC}") = "Persistence", "Persistence\Persistence.csproj", "{6128251D-F8A1-4896-91D1-DCAF4EF81FA9}"
EndProject
Global
	GlobalSection(SolutionConfigurationPlatforms) = preSolution
		Debug|Any CPU = Debug|Any CPU
		Release|Any CPU = Release|Any CPU
	EndGlobalSection
	GlobalSection(ProjectConfigurationPlatforms) = postSolution
		{F6ADADF3-D444-48F5-8E50-EDF17DBF9291}.Debug|Any CPU.ActiveCfg = Debug|Any CPU
		{F6ADADF3-D444-48F5-8E50-EDF17DBF9291}.Debug|Any CPU.Build.0 = Debug|Any CPU
		{F6ADADF3-D444-48F5-8E50-EDF17DBF9291}.Release|Any CPU.ActiveCfg = Release|Any CPU
		{F6ADADF3-D444-48F5-8E50-EDF17DBF9291}.Release|Any CPU.Build.0 = Release|Any CPU
		{F11A1F4B-2595-4B97-88A0-4EEE0FD3FCE3}.Debug|Any CPU.ActiveCfg = Debug|Any CPU
		{F11A1F4B-2595-4B97-88A0-4EEE0FD3FCE3}.Debug|Any CPU.Build.0 = Debug|Any CPU
		{F11A1F4B-2595-4B97-88A0-4EEE0FD3FCE3}.Release|Any CPU.ActiveCfg = Release|Any CPU
		{F11A1F4B-2595-4B97-88A0-4EEE0FD3FCE3}.Release|Any CPU.Build.0 = Release|Any CPU
		{0C150155-713E-42A6-8A7D-3432FCCFD4E2}.Debug|Any CPU.ActiveCfg = Debug|Any CPU
		{0C150155-713E-42A6-8A7D-3432FCCFD4E2}.Debug|Any CPU.Build.0 = Debug|Any CPU
		{0C150155-713E-42A6-8A7D-3432FCCFD4E2}.Release|Any CPU.ActiveCfg = Release|Any CPU
		{0C150155-713E-42A6-8A7D-3432FCCFD4E2}.Release|Any CPU.Build.0 = Release|Any CPU
		{D0DF6E66-3900-412F-934E-38238FA39020}.Debug|Any CPU.ActiveCfg = Debug|Any CPU
		{D0DF6E66-3900-412F-934E-38238FA39020}.Debug|Any CPU.Build.0 = Debug|Any CPU
		{D0DF6E66-3900-412F-934E-38238FA39020}.Release|Any CPU.ActiveCfg = Release|Any CPU
		{D0DF6E66-3900-412F-934E-38238FA39020}.Release|Any CPU.Build.0 = Release|Any CPU
		{6128251D-F8A1-4896-91D1-DCAF4EF81FA9}.Debug|Any CPU.ActiveCfg = Debug|Any CPU
		{6128251D-F8A1-4896-91D1-DCAF4EF81FA9}.Debug|Any CPU.Build.0 = Debug|Any CPU
		{6128251D-F8A1-4896-91D1-DCAF4EF81FA9}.Release|Any CPU.ActiveCfg = Release|Any CPU
		{6128251D-F8A1-4896-91D1-DCAF4EF81FA9}.Release|Any CPU.Build.0 = Release|Any CPU
	EndGlobalSection
	GlobalSection(SolutionProperties) = preSolution
		HideSolutionNode = FALSE
	EndGlobalSection
	GlobalSection(ExtensibilityGlobals) = postSolution
		SolutionGuid = {909B4807-2C87-4C9D-BFA5-9F6F22A2CCA7}
	EndGlobalSection
EndGlobal
